
Microsoft Visual Studio Solution File, Format Version 12.00
# Visual Studio Version 17
VisualStudioVersion = 17.8.34408.163
MinimumVisualStudioVersion = 10.0.40219.1
Project("{9A19103F-16F7-4668-BE54-9A1E7A4F7556}") = "SalesAPI", "SalesAPI\SalesAPI.csproj", "{0221D02D-97D6-4CC3-AC05-93CD26B1D1A0}"
EndProject
Project("{9A19103F-16F7-4668-BE54-9A1E7A4F7556}") = "SalesEntity", "SalesEntity\SalesEntity.csproj", "{8E27498D-9C2E-425D-9111-5EC0B5AA836A}"
EndProject
Project("{9A19103F-16F7-4668-BE54-9A1E7A4F7556}") = "SalesDAL", "SalesDAL\SalesDAL.csproj", "{32D9B2EE-FDC3-43A5-BBC9-35AC05F12AD6}"
EndProject
Project("{9A19103F-16F7-4668-BE54-9A1E7A4F7556}") = "SalesBAL", "SalesBAL\SalesBAL.csproj", "{6F5BB492-08F8-43CA-9AEC-F2A115C13AE4}"
EndProject
Global
	GlobalSection(SolutionConfigurationPlatforms) = preSolution
		Debug|Any CPU = Debug|Any CPU
		Release|Any CPU = Release|Any CPU
	EndGlobalSection
	GlobalSection(ProjectConfigurationPlatforms) = postSolution
		{0221D02D-97D6-4CC3-AC05-93CD26B1D1A0}.Debug|Any CPU.ActiveCfg = Debug|Any CPU
		{0221D02D-97D6-4CC3-AC05-93CD26B1D1A0}.Debug|Any CPU.Build.0 = Debug|Any CPU
		{0221D02D-97D6-4CC3-AC05-93CD26B1D1A0}.Release|Any CPU.ActiveCfg = Release|Any CPU
		{0221D02D-97D6-4CC3-AC05-93CD26B1D1A0}.Release|Any CPU.Build.0 = Release|Any CPU
		{8E27498D-9C2E-425D-9111-5EC0B5AA836A}.Debug|Any CPU.ActiveCfg = Debug|Any CPU
		{8E27498D-9C2E-425D-9111-5EC0B5AA836A}.Debug|Any CPU.Build.0 = Debug|Any CPU
		{8E27498D-9C2E-425D-9111-5EC0B5AA836A}.Release|Any CPU.ActiveCfg = Release|Any CPU
		{8E27498D-9C2E-425D-9111-5EC0B5AA836A}.Release|Any CPU.Build.0 = Release|Any CPU
		{32D9B2EE-FDC3-43A5-BBC9-35AC05F12AD6}.Debug|Any CPU.ActiveCfg = Debug|Any CPU
		{32D9B2EE-FDC3-43A5-BBC9-35AC05F12AD6}.Debug|Any CPU.Build.0 = Debug|Any CPU
		{32D9B2EE-FDC3-43A5-BBC9-35AC05F12AD6}.Release|Any CPU.ActiveCfg = Release|Any CPU
		{32D9B2EE-FDC3-43A5-BBC9-35AC05F12AD6}.Release|Any CPU.Build.0 = Release|Any CPU
		{6F5BB492-08F8-43CA-9AEC-F2A115C13AE4}.Debug|Any CPU.ActiveCfg = Debug|Any CPU
		{6F5BB492-08F8-43CA-9AEC-F2A115C13AE4}.Debug|Any CPU.Build.0 = Debug|Any CPU
		{6F5BB492-08F8-43CA-9AEC-F2A115C13AE4}.Release|Any CPU.ActiveCfg = Release|Any CPU
		{6F5BB492-08F8-43CA-9AEC-F2A115C13AE4}.Release|Any CPU.Build.0 = Release|Any CPU
	EndGlobalSection
	GlobalSection(SolutionProperties) = preSolution
		HideSolutionNode = FALSE
	EndGlobalSection
	GlobalSection(ExtensibilityGlobals) = postSolution
		SolutionGuid = {2F8C5F04-0743-437A-9529-938213919352}
	EndGlobalSection
EndGlobal
